
Microsoft Visual Studio Solution File, Format Version 12.00
# Visual Studio Version 17
VisualStudioVersion = 17.2.32630.192
MinimumVisualStudioVersion = 10.0.40219.1
Project("{00D1A9C2-B5F0-4AF3-8072-F6C62B433612}") = "nsedata", "nsedata\nsedata.sqlproj", "{BF79091C-9AE2-4D95-AEEF-AA1F4ACF49D2}"
EndProject
Global
	GlobalSection(SolutionConfigurationPlatforms) = preSolution
		Debug|Any CPU = Debug|Any CPU
		Release|Any CPU = Release|Any CPU
	EndGlobalSection
	GlobalSection(ProjectConfigurationPlatforms) = postSolution
		{BF79091C-9AE2-4D95-AEEF-AA1F4ACF49D2}.Debug|Any CPU.ActiveCfg = Debug|Any CPU
		{BF79091C-9AE2-4D95-AEEF-AA1F4ACF49D2}.Debug|Any CPU.Build.0 = Debug|Any CPU
		{BF79091C-9AE2-4D95-AEEF-AA1F4ACF49D2}.Debug|Any CPU.Deploy.0 = Debug|Any CPU
		{BF79091C-9AE2-4D95-AEEF-AA1F4ACF49D2}.Release|Any CPU.ActiveCfg = Release|Any CPU
		{BF79091C-9AE2-4D95-AEEF-AA1F4ACF49D2}.Release|Any CPU.Build.0 = Release|Any CPU
		{BF79091C-9AE2-4D95-AEEF-AA1F4ACF49D2}.Release|Any CPU.Deploy.0 = Release|Any CPU
	EndGlobalSection
	GlobalSection(SolutionProperties) = preSolution
		HideSolutionNode = FALSE
	EndGlobalSection
	GlobalSection(ExtensibilityGlobals) = postSolution
		SolutionGuid = {BC59591A-8885-429B-95DB-51CB6FE48B5E}
	EndGlobalSection
EndGlobal
